
Microsoft Visual Studio Solution File, Format Version 12.00
# Visual Studio Version 17
VisualStudioVersion = 17.9.34622.214
MinimumVisualStudioVersion = 10.0.40219.1
Project("{FAE04EC0-301F-11D3-BF4B-00C04F79EFBC}") = "HWIDmon.NET", "HWIDmon.NET\HWIDmon.NET.csproj", "{B3EF6BE4-3157-4ABD-97F4-196B0A53D61F}"
EndProject
Global
	GlobalSection(SolutionConfigurationPlatforms) = preSolution
		Debug|Any CPU = Debug|Any CPU
		Release|Any CPU = Release|Any CPU
	EndGlobalSection
	GlobalSection(ProjectConfigurationPlatforms) = postSolution
		{B3EF6BE4-3157-4ABD-97F4-196B0A53D61F}.Debug|Any CPU.ActiveCfg = Debug|Any CPU
		{B3EF6BE4-3157-4ABD-97F4-196B0A53D61F}.Debug|Any CPU.Build.0 = Debug|Any CPU
		{B3EF6BE4-3157-4ABD-97F4-196B0A53D61F}.Release|Any CPU.ActiveCfg = Release|Any CPU
		{B3EF6BE4-3157-4ABD-97F4-196B0A53D61F}.Release|Any CPU.Build.0 = Release|Any CPU
	EndGlobalSection
	GlobalSection(SolutionProperties) = preSolution
		HideSolutionNode = FALSE
	EndGlobalSection
	GlobalSection(ExtensibilityGlobals) = postSolution
		SolutionGuid = {E8EF5DDF-4B75-4A7B-BD1B-E22E24E1B482}
	EndGlobalSection
EndGlobal
